
Microsoft Visual Studio Solution File, Format Version 11.00
# Visual Studio 2010
Project("{FAE04EC0-301F-11D3-BF4B-00C04F79EFBC}") = "Assembly-CSharp", "Assembly-CSharp.csproj", "{601AD460-7921-7182-8F78-1F3B28419D18}"
EndProject
Project("{FAE04EC0-301F-11D3-BF4B-00C04F79EFBC}") = "Assembly-CSharp-Editor", "Assembly-CSharp-Editor.csproj", "{50FFA192-B126-8894-F6A1-9F5E0FDAF63C}"
EndProject
Global
	GlobalSection(SolutionConfigurationPlatforms) = preSolution
		Debug|Any CPU = Debug|Any CPU
		Release|Any CPU = Release|Any CPU
	EndGlobalSection
	GlobalSection(ProjectConfigurationPlatforms) = postSolution
		{601AD460-7921-7182-8F78-1F3B28419D18}.Debug|Any CPU.ActiveCfg = Debug|Any CPU
		{601AD460-7921-7182-8F78-1F3B28419D18}.Debug|Any CPU.Build.0 = Debug|Any CPU
		{601AD460-7921-7182-8F78-1F3B28419D18}.Release|Any CPU.ActiveCfg = Release|Any CPU
		{601AD460-7921-7182-8F78-1F3B28419D18}.Release|Any CPU.Build.0 = Release|Any CPU
		{50FFA192-B126-8894-F6A1-9F5E0FDAF63C}.Debug|Any CPU.ActiveCfg = Debug|Any CPU
		{50FFA192-B126-8894-F6A1-9F5E0FDAF63C}.Debug|Any CPU.Build.0 = Debug|Any CPU
		{50FFA192-B126-8894-F6A1-9F5E0FDAF63C}.Release|Any CPU.ActiveCfg = Release|Any CPU
		{50FFA192-B126-8894-F6A1-9F5E0FDAF63C}.Release|Any CPU.Build.0 = Release|Any CPU
	EndGlobalSection
	GlobalSection(SolutionProperties) = preSolution
		HideSolutionNode = FALSE
	EndGlobalSection
EndGlobal
